
Microsoft Visual Studio Solution File, Format Version 12.00
# Visual Studio Version 17
VisualStudioVersion = 17.2.32602.215
MinimumVisualStudioVersion = 10.0.40219.1
Project("{FAE04EC0-301F-11D3-BF4B-00C04F79EFBC}") = "ReadExcel", "ReadExcel\ReadExcel.csproj", "{CBB74BF6-7EC3-44C8-8F00-C319DA4E83B7}"
EndProject
Global
	GlobalSection(SolutionConfigurationPlatforms) = preSolution
		Debug|Any CPU = Debug|Any CPU
		Release|Any CPU = Release|Any CPU
	EndGlobalSection
	GlobalSection(ProjectConfigurationPlatforms) = postSolution
		{CBB74BF6-7EC3-44C8-8F00-C319DA4E83B7}.Debug|Any CPU.ActiveCfg = Debug|Any CPU
		{CBB74BF6-7EC3-44C8-8F00-C319DA4E83B7}.Debug|Any CPU.Build.0 = Debug|Any CPU
		{CBB74BF6-7EC3-44C8-8F00-C319DA4E83B7}.Release|Any CPU.ActiveCfg = Release|Any CPU
		{CBB74BF6-7EC3-44C8-8F00-C319DA4E83B7}.Release|Any CPU.Build.0 = Release|Any CPU
	EndGlobalSection
	GlobalSection(SolutionProperties) = preSolution
		HideSolutionNode = FALSE
	EndGlobalSection
	GlobalSection(ExtensibilityGlobals) = postSolution
		SolutionGuid = {1CB104B6-D011-4387-9F13-6482E7B8CE31}
	EndGlobalSection
EndGlobal
